// !$*UTF8*$!
{
	archiveVersion = 1;
	classes = {
	};
	objectVersion = 46;
	objects = {

/* Begin PBXBuildFile section */
		0467CEA31E85DED400D701BC /* GBDailyStatisticsViewController.m in Sources */ = {isa = PBXBuildFile; fileRef = 0467CEA21E85DED400D701BC /* GBDailyStatisticsViewController.m */; };
		049FAC7B1E849A7C00F560B2 /* 1488569581_analytics.png in Resources */ = {isa = PBXBuildFile; fileRef = 049FAC7A1E849A7C00F560B2 /* 1488569581_analytics.png */; };
		049FAC7E1E849BBA00F560B2 /* GBLoginViewController.m in Sources */ = {isa = PBXBuildFile; fileRef = 049FAC7D1E849BBA00F560B2 /* GBLoginViewController.m */; };
		049FAC841E849D9A00F560B2 /* GBStatisticsViewController.m in Sources */ = {isa = PBXBuildFile; fileRef = 049FAC831E849D9A00F560B2 /* GBStatisticsViewController.m */; };
		049FAC8A1E849EF600F560B2 /* GBRegistrationViewController.m in Sources */ = {isa = PBXBuildFile; fileRef = 049FAC891E849EF600F560B2 /* GBRegistrationViewController.m */; };
		049FAC8D1E849FE400F560B2 /* GBGeneralStatisticsViewController.m in Sources */ = {isa = PBXBuildFile; fileRef = 049FAC8C1E849FE400F560B2 /* GBGeneralStatisticsViewController.m */; };
		527C99A61E9AD95200D9B8EE /* Putin.jpg in Resources */ = {isa = PBXBuildFile; fileRef = 527C99A51E9AD95200D9B8EE /* Putin.jpg */; };
		527C99A81E9D2A4500D9B8EE /* Medvedev.jpg in Resources */ = {isa = PBXBuildFile; fileRef = 527C99A71E9D2A4500D9B8EE /* Medvedev.jpg */; };
		527C99AA1E9D2B5500D9B8EE /* Zhirinovskiy.jpg in Resources */ = {isa = PBXBuildFile; fileRef = 527C99A91E9D2B5500D9B8EE /* Zhirinovskiy.jpg */; };
		527C99C41E9E639300D9B8EE /* GBDailyChartViewController.m in Sources */ = {isa = PBXBuildFile; fileRef = 527C99C31E9E639300D9B8EE /* GBDailyChartViewController.m */; };
		52A19EA11E7715D100D984F7 /* main.m in Sources */ = {isa = PBXBuildFile; fileRef = 52A19EA01E7715D100D984F7 /* main.m */; };
		52A19EA41E7715D100D984F7 /* AppDelegate.m in Sources */ = {isa = PBXBuildFile; fileRef = 52A19EA31E7715D100D984F7 /* AppDelegate.m */; };
		52A19EAA1E7715D100D984F7 /* Main.storyboard in Resources */ = {isa = PBXBuildFile; fileRef = 52A19EA81E7715D100D984F7 /* Main.storyboard */; };
		52A19EAD1E7715D100D984F7 /* GBInternship.xcdatamodeld in Sources */ = {isa = PBXBuildFile; fileRef = 52A19EAB1E7715D100D984F7 /* GBInternship.xcdatamodeld */; };
		52A19EAF1E7715D100D984F7 /* Assets.xcassets in Resources */ = {isa = PBXBuildFile; fileRef = 52A19EAE1E7715D100D984F7 /* Assets.xcassets */; };
		52A19EB21E7715D100D984F7 /* LaunchScreen.storyboard in Resources */ = {isa = PBXBuildFile; fileRef = 52A19EB01E7715D100D984F7 /* LaunchScreen.storyboard */; };
		52A19EBD1E7715D100D984F7 /* GBInternshipTests.m in Sources */ = {isa = PBXBuildFile; fileRef = 52A19EBC1E7715D100D984F7 /* GBInternshipTests.m */; };
		52A19EC81E7715D100D984F7 /* GBInternshipUITests.m in Sources */ = {isa = PBXBuildFile; fileRef = 52A19EC71E7715D100D984F7 /* GBInternshipUITests.m */; };
		52A19EDA1E77195000D984F7 /* GBServerManager.m in Sources */ = {isa = PBXBuildFile; fileRef = 52A19ED91E77195000D984F7 /* GBServerManager.m */; };
		52A19EE11E771E9400D984F7 /* GBPersistentManager.m in Sources */ = {isa = PBXBuildFile; fileRef = 52A19EE01E771E9400D984F7 /* GBPersistentManager.m */; };
		52A19EE41E78705D00D984F7 /* GBDataManager.m in Sources */ = {isa = PBXBuildFile; fileRef = 52A19EE31E78705D00D984F7 /* GBDataManager.m */; };
		52FEFAE31E818DE9007E5972 /* GBPerson+CoreDataClass.m in Sources */ = {isa = PBXBuildFile; fileRef = 52FEFAD41E818DE9007E5972 /* GBPerson+CoreDataClass.m */; };
		52FEFAE41E818DE9007E5972 /* GBPerson+CoreDataProperties.m in Sources */ = {isa = PBXBuildFile; fileRef = 52FEFAD61E818DE9007E5972 /* GBPerson+CoreDataProperties.m */; };
		52FEFAE51E818DE9007E5972 /* GBSite+CoreDataClass.m in Sources */ = {isa = PBXBuildFile; fileRef = 52FEFAD81E818DE9007E5972 /* GBSite+CoreDataClass.m */; };
		52FEFAE61E818DE9007E5972 /* GBSite+CoreDataProperties.m in Sources */ = {isa = PBXBuildFile; fileRef = 52FEFADA1E818DE9007E5972 /* GBSite+CoreDataProperties.m */; };
		52FEFAE71E818DE9007E5972 /* GBUser+CoreDataClass.m in Sources */ = {isa = PBXBuildFile; fileRef = 52FEFADC1E818DE9007E5972 /* GBUser+CoreDataClass.m */; };
		52FEFAE81E818DE9007E5972 /* GBUser+CoreDataProperties.m in Sources */ = {isa = PBXBuildFile; fileRef = 52FEFADE1E818DE9007E5972 /* GBUser+CoreDataProperties.m */; };
		52FEFAE91E818DE9007E5972 /* GBStatistic+CoreDataClass.m in Sources */ = {isa = PBXBuildFile; fileRef = 52FEFAE01E818DE9007E5972 /* GBStatistic+CoreDataClass.m */; };
		52FEFAEA1E818DE9007E5972 /* GBStatistic+CoreDataProperties.m in Sources */ = {isa = PBXBuildFile; fileRef = 52FEFAE21E818DE9007E5972 /* GBStatistic+CoreDataProperties.m */; };
		52FEFAEE1E819C22007E5972 /* GBPersonAPI.m in Sources */ = {isa = PBXBuildFile; fileRef = 52FEFAED1E819C22007E5972 /* GBPersonAPI.m */; };
		52FEFAF11E819C43007E5972 /* GBSiteAPI.m in Sources */ = {isa = PBXBuildFile; fileRef = 52FEFAF01E819C43007E5972 /* GBSiteAPI.m */; };
		52FEFAF41E819C52007E5972 /* GBStatisticAPI.m in Sources */ = {isa = PBXBuildFile; fileRef = 52FEFAF31E819C52007E5972 /* GBStatisticAPI.m */; };
		57678F3A1E98CD7C00C19324 /* GBPieChartViewController.m in Sources */ = {isa = PBXBuildFile; fileRef = 57678F391E98CD7C00C19324 /* GBPieChartViewController.m */; };
		7FB6AA40162AFBEDF17230E5 /* Pods_GBInternship.framework in Frameworks */ = {isa = PBXBuildFile; fileRef = 55110263F3E6B74E9D02DAB5 /* Pods_GBInternship.framework */; };
/* End PBXBuildFile section */

/* Begin PBXContainerItemProxy section */
		52A19EB91E7715D100D984F7 /* PBXContainerItemProxy */ = {
			isa = PBXContainerItemProxy;
			containerPortal = 52A19E941E7715D100D984F7 /* Project object */;
			proxyType = 1;
			remoteGlobalIDString = 52A19E9B1E7715D100D984F7;
			remoteInfo = GBInternship;
		};
		52A19EC41E7715D100D984F7 /* PBXContainerItemProxy */ = {
			isa = PBXContainerItemProxy;
			containerPortal = 52A19E941E7715D100D984F7 /* Project object */;
			proxyType = 1;
			remoteGlobalIDString = 52A19E9B1E7715D100D984F7;
			remoteInfo = GBInternship;
		};
/* End PBXContainerItemProxy section */

/* Begin PBXFileReference section */
		0467CEA11E85DED400D701BC /* GBDailyStatisticsViewController.h */ = {isa = PBXFileReference; fileEncoding = 4; lastKnownFileType = sourcecode.c.h; path = GBDailyStatisticsViewController.h; sourceTree = "<group>"; };
		0467CEA21E85DED400D701BC /* GBDailyStatisticsViewController.m */ = {isa = PBXFileReference; fileEncoding = 4; lastKnownFileType = sourcecode.c.objc; path = GBDailyStatisticsViewController.m; sourceTree = "<group>"; };
		049FAC7A1E849A7C00F560B2 /* 1488569581_analytics.png */ = {isa = PBXFileReference; lastKnownFileType = image.png; path = 1488569581_analytics.png; sourceTree = "<group>"; };
		049FAC7C1E849BBA00F560B2 /* GBLoginViewController.h */ = {isa = PBXFileReference; fileEncoding = 4; lastKnownFileType = sourcecode.c.h; path = GBLoginViewController.h; sourceTree = "<group>"; };
		049FAC7D1E849BBA00F560B2 /* GBLoginViewController.m */ = {isa = PBXFileReference; fileEncoding = 4; lastKnownFileType = sourcecode.c.objc; path = GBLoginViewController.m; sourceTree = "<group>"; };
		049FAC821E849D9A00F560B2 /* GBStatisticsViewController.h */ = {isa = PBXFileReference; fileEncoding = 4; lastKnownFileType = sourcecode.c.h; path = GBStatisticsViewController.h; sourceTree = "<group>"; };
		049FAC831E849D9A00F560B2 /* GBStatisticsViewController.m */ = {isa = PBXFileReference; fileEncoding = 4; lastKnownFileType = sourcecode.c.objc; path = GBStatisticsViewController.m; sourceTree = "<group>"; };
		049FAC881E849EF600F560B2 /* GBRegistrationViewController.h */ = {isa = PBXFileReference; fileEncoding = 4; lastKnownFileType = sourcecode.c.h; path = GBRegistrationViewController.h; sourceTree = "<group>"; };
		049FAC891E849EF600F560B2 /* GBRegistrationViewController.m */ = {isa = PBXFileReference; fileEncoding = 4; lastKnownFileType = sourcecode.c.objc; path = GBRegistrationViewController.m; sourceTree = "<group>"; };
		049FAC8B1E849FE400F560B2 /* GBGeneralStatisticsViewController.h */ = {isa = PBXFileReference; fileEncoding = 4; lastKnownFileType = sourcecode.c.h; path = GBGeneralStatisticsViewController.h; sourceTree = "<group>"; };
		049FAC8C1E849FE400F560B2 /* GBGeneralStatisticsViewController.m */ = {isa = PBXFileReference; fileEncoding = 4; lastKnownFileType = sourcecode.c.objc; path = GBGeneralStatisticsViewController.m; sourceTree = "<group>"; };
		41313FBA1C32477CF8682175 /* Pods-GBInternship.debug.xcconfig */ = {isa = PBXFileReference; includeInIndex = 1; lastKnownFileType = text.xcconfig; name = "Pods-GBInternship.debug.xcconfig"; path = "Pods/Target Support Files/Pods-GBInternship/Pods-GBInternship.debug.xcconfig"; sourceTree = "<group>"; };
		527C99A51E9AD95200D9B8EE /* Putin.jpg */ = {isa = PBXFileReference; lastKnownFileType = image.jpeg; path = Putin.jpg; sourceTree = "<group>"; };
		527C99A71E9D2A4500D9B8EE /* Medvedev.jpg */ = {isa = PBXFileReference; lastKnownFileType = image.jpeg; path = Medvedev.jpg; sourceTree = "<group>"; };
		527C99A91E9D2B5500D9B8EE /* Zhirinovskiy.jpg */ = {isa = PBXFileReference; lastKnownFileType = image.jpeg; path = Zhirinovskiy.jpg; sourceTree = "<group>"; };
		527C99C21E9E639300D9B8EE /* GBDailyChartViewController.h */ = {isa = PBXFileReference; fileEncoding = 4; lastKnownFileType = sourcecode.c.h; path = GBDailyChartViewController.h; sourceTree = "<group>"; };
		527C99C31E9E639300D9B8EE /* GBDailyChartViewController.m */ = {isa = PBXFileReference; fileEncoding = 4; lastKnownFileType = sourcecode.c.objc; path = GBDailyChartViewController.m; sourceTree = "<group>"; };
		52A19E9C1E7715D100D984F7 /* GBInternship.app */ = {isa = PBXFileReference; explicitFileType = wrapper.application; includeInIndex = 0; path = GBInternship.app; sourceTree = BUILT_PRODUCTS_DIR; };
		52A19EA01E7715D100D984F7 /* main.m */ = {isa = PBXFileReference; lastKnownFileType = sourcecode.c.objc; path = main.m; sourceTree = "<group>"; };
		52A19EA21E7715D100D984F7 /* AppDelegate.h */ = {isa = PBXFileReference; lastKnownFileType = sourcecode.c.h; path = AppDelegate.h; sourceTree = "<group>"; };
		52A19EA31E7715D100D984F7 /* AppDelegate.m */ = {isa = PBXFileReference; lastKnownFileType = sourcecode.c.objc; path = AppDelegate.m; sourceTree = "<group>"; };
		52A19EA91E7715D100D984F7 /* Base */ = {isa = PBXFileReference; lastKnownFileType = file.storyboard; name = Base; path = Base.lproj/Main.storyboard; sourceTree = "<group>"; };
		52A19EAC1E7715D100D984F7 /* GBInternship.xcdatamodel */ = {isa = PBXFileReference; lastKnownFileType = wrapper.xcdatamodel; path = GBInternship.xcdatamodel; sourceTree = "<group>"; };
		52A19EAE1E7715D100D984F7 /* Assets.xcassets */ = {isa = PBXFileReference; lastKnownFileType = folder.assetcatalog; path = Assets.xcassets; sourceTree = "<group>"; };
		52A19EB11E7715D100D984F7 /* Base */ = {isa = PBXFileReference; lastKnownFileType = file.storyboard; name = Base; path = Base.lproj/LaunchScreen.storyboard; sourceTree = "<group>"; };
		52A19EB31E7715D100D984F7 /* Info.plist */ = {isa = PBXFileReference; lastKnownFileType = text.plist.xml; path = Info.plist; sourceTree = "<group>"; };
		52A19EB81E7715D100D984F7 /* GBInternshipTests.xctest */ = {isa = PBXFileReference; explicitFileType = wrapper.cfbundle; includeInIndex = 0; path = GBInternshipTests.xctest; sourceTree = BUILT_PRODUCTS_DIR; };
		52A19EBC1E7715D100D984F7 /* GBInternshipTests.m */ = {isa = PBXFileReference; lastKnownFileType = sourcecode.c.objc; path = GBInternshipTests.m; sourceTree = "<group>"; };
		52A19EBE1E7715D100D984F7 /* Info.plist */ = {isa = PBXFileReference; lastKnownFileType = text.plist.xml; path = Info.plist; sourceTree = "<group>"; };
		52A19EC31E7715D100D984F7 /* GBInternshipUITests.xctest */ = {isa = PBXFileReference; explicitFileType = wrapper.cfbundle; includeInIndex = 0; path = GBInternshipUITests.xctest; sourceTree = BUILT_PRODUCTS_DIR; };
		52A19EC71E7715D100D984F7 /* GBInternshipUITests.m */ = {isa = PBXFileReference; lastKnownFileType = sourcecode.c.objc; path = GBInternshipUITests.m; sourceTree = "<group>"; };
		52A19EC91E7715D100D984F7 /* Info.plist */ = {isa = PBXFileReference; lastKnownFileType = text.plist.xml; path = Info.plist; sourceTree = "<group>"; };
		52A19ED81E77195000D984F7 /* GBServerManager.h */ = {isa = PBXFileReference; fileEncoding = 4; lastKnownFileType = sourcecode.c.h; path = GBServerManager.h; sourceTree = "<group>"; };
		52A19ED91E77195000D984F7 /* GBServerManager.m */ = {isa = PBXFileReference; fileEncoding = 4; lastKnownFileType = sourcecode.c.objc; path = GBServerManager.m; sourceTree = "<group>"; };
		52A19EDF1E771E9400D984F7 /* GBPersistentManager.h */ = {isa = PBXFileReference; fileEncoding = 4; lastKnownFileType = sourcecode.c.h; path = GBPersistentManager.h; sourceTree = "<group>"; };
		52A19EE01E771E9400D984F7 /* GBPersistentManager.m */ = {isa = PBXFileReference; fileEncoding = 4; lastKnownFileType = sourcecode.c.objc; path = GBPersistentManager.m; sourceTree = "<group>"; };
		52A19EE21E78705D00D984F7 /* GBDataManager.h */ = {isa = PBXFileReference; fileEncoding = 4; lastKnownFileType = sourcecode.c.h; path = GBDataManager.h; sourceTree = "<group>"; };
		52A19EE31E78705D00D984F7 /* GBDataManager.m */ = {isa = PBXFileReference; fileEncoding = 4; lastKnownFileType = sourcecode.c.objc; path = GBDataManager.m; sourceTree = "<group>"; };
		52FEFAD31E818DE9007E5972 /* GBPerson+CoreDataClass.h */ = {isa = PBXFileReference; fileEncoding = 4; lastKnownFileType = sourcecode.c.h; path = "GBPerson+CoreDataClass.h"; sourceTree = "<group>"; };
		52FEFAD41E818DE9007E5972 /* GBPerson+CoreDataClass.m */ = {isa = PBXFileReference; fileEncoding = 4; lastKnownFileType = sourcecode.c.objc; path = "GBPerson+CoreDataClass.m"; sourceTree = "<group>"; };
		52FEFAD51E818DE9007E5972 /* GBPerson+CoreDataProperties.h */ = {isa = PBXFileReference; fileEncoding = 4; lastKnownFileType = sourcecode.c.h; path = "GBPerson+CoreDataProperties.h"; sourceTree = "<group>"; };
		52FEFAD61E818DE9007E5972 /* GBPerson+CoreDataProperties.m */ = {isa = PBXFileReference; fileEncoding = 4; lastKnownFileType = sourcecode.c.objc; path = "GBPerson+CoreDataProperties.m"; sourceTree = "<group>"; };
		52FEFAD71E818DE9007E5972 /* GBSite+CoreDataClass.h */ = {isa = PBXFileReference; fileEncoding = 4; lastKnownFileType = sourcecode.c.h; path = "GBSite+CoreDataClass.h"; sourceTree = "<group>"; };
		52FEFAD81E818DE9007E5972 /* GBSite+CoreDataClass.m */ = {isa = PBXFileReference; fileEncoding = 4; lastKnownFileType = sourcecode.c.objc; path = "GBSite+CoreDataClass.m"; sourceTree = "<group>"; };
		52FEFAD91E818DE9007E5972 /* GBSite+CoreDataProperties.h */ = {isa = PBXFileReference; fileEncoding = 4; lastKnownFileType = sourcecode.c.h; path = "GBSite+CoreDataProperties.h"; sourceTree = "<group>"; };
		52FEFADA1E818DE9007E5972 /* GBSite+CoreDataProperties.m */ = {isa = PBXFileReference; fileEncoding = 4; lastKnownFileType = sourcecode.c.objc; path = "GBSite+CoreDataProperties.m"; sourceTree = "<group>"; };
		52FEFADB1E818DE9007E5972 /* GBUser+CoreDataClass.h */ = {isa = PBXFileReference; fileEncoding = 4; lastKnownFileType = sourcecode.c.h; path = "GBUser+CoreDataClass.h"; sourceTree = "<group>"; };
		52FEFADC1E818DE9007E5972 /* GBUser+CoreDataClass.m */ = {isa = PBXFileReference; fileEncoding = 4; lastKnownFileType = sourcecode.c.objc; path = "GBUser+CoreDataClass.m"; sourceTree = "<group>"; };
		52FEFADD1E818DE9007E5972 /* GBUser+CoreDataProperties.h */ = {isa = PBXFileReference; fileEncoding = 4; lastKnownFileType = sourcecode.c.h; path = "GBUser+CoreDataProperties.h"; sourceTree = "<group>"; };
		52FEFADE1E818DE9007E5972 /* GBUser+CoreDataProperties.m */ = {isa = PBXFileReference; fileEncoding = 4; lastKnownFileType = sourcecode.c.objc; path = "GBUser+CoreDataProperties.m"; sourceTree = "<group>"; };
		52FEFADF1E818DE9007E5972 /* GBStatistic+CoreDataClass.h */ = {isa = PBXFileReference; fileEncoding = 4; lastKnownFileType = sourcecode.c.h; path = "GBStatistic+CoreDataClass.h"; sourceTree = "<group>"; };
		52FEFAE01E818DE9007E5972 /* GBStatistic+CoreDataClass.m */ = {isa = PBXFileReference; fileEncoding = 4; lastKnownFileType = sourcecode.c.objc; path = "GBStatistic+CoreDataClass.m"; sourceTree = "<group>"; };
		52FEFAE11E818DE9007E5972 /* GBStatistic+CoreDataProperties.h */ = {isa = PBXFileReference; fileEncoding = 4; lastKnownFileType = sourcecode.c.h; path = "GBStatistic+CoreDataProperties.h"; sourceTree = "<group>"; };
		52FEFAE21E818DE9007E5972 /* GBStatistic+CoreDataProperties.m */ = {isa = PBXFileReference; fileEncoding = 4; lastKnownFileType = sourcecode.c.objc; path = "GBStatistic+CoreDataProperties.m"; sourceTree = "<group>"; };
		52FEFAEC1E819C22007E5972 /* GBPersonAPI.h */ = {isa = PBXFileReference; fileEncoding = 4; lastKnownFileType = sourcecode.c.h; path = GBPersonAPI.h; sourceTree = "<group>"; };
		52FEFAED1E819C22007E5972 /* GBPersonAPI.m */ = {isa = PBXFileReference; fileEncoding = 4; lastKnownFileType = sourcecode.c.objc; path = GBPersonAPI.m; sourceTree = "<group>"; };
		52FEFAEF1E819C43007E5972 /* GBSiteAPI.h */ = {isa = PBXFileReference; fileEncoding = 4; lastKnownFileType = sourcecode.c.h; path = GBSiteAPI.h; sourceTree = "<group>"; };
		52FEFAF01E819C43007E5972 /* GBSiteAPI.m */ = {isa = PBXFileReference; fileEncoding = 4; lastKnownFileType = sourcecode.c.objc; path = GBSiteAPI.m; sourceTree = "<group>"; };
		52FEFAF21E819C52007E5972 /* GBStatisticAPI.h */ = {isa = PBXFileReference; fileEncoding = 4; lastKnownFileType = sourcecode.c.h; path = GBStatisticAPI.h; sourceTree = "<group>"; };
		52FEFAF31E819C52007E5972 /* GBStatisticAPI.m */ = {isa = PBXFileReference; fileEncoding = 4; lastKnownFileType = sourcecode.c.objc; path = GBStatisticAPI.m; sourceTree = "<group>"; };
		55110263F3E6B74E9D02DAB5 /* Pods_GBInternship.framework */ = {isa = PBXFileReference; explicitFileType = wrapper.framework; includeInIndex = 0; path = Pods_GBInternship.framework; sourceTree = BUILT_PRODUCTS_DIR; };
		57678F381E98CD7C00C19324 /* GBPieChartViewController.h */ = {isa = PBXFileReference; fileEncoding = 4; lastKnownFileType = sourcecode.c.h; path = GBPieChartViewController.h; sourceTree = "<group>"; };
		57678F391E98CD7C00C19324 /* GBPieChartViewController.m */ = {isa = PBXFileReference; fileEncoding = 4; lastKnownFileType = sourcecode.c.objc; path = GBPieChartViewController.m; sourceTree = "<group>"; };
		985FA386EB8A5DD9AF6F06E8 /* Pods-GBInternship.release.xcconfig */ = {isa = PBXFileReference; includeInIndex = 1; lastKnownFileType = text.xcconfig; name = "Pods-GBInternship.release.xcconfig"; path = "Pods/Target Support Files/Pods-GBInternship/Pods-GBInternship.release.xcconfig"; sourceTree = "<group>"; };
/* End PBXFileReference section */

/* Begin PBXFrameworksBuildPhase section */
		52A19E991E7715D100D984F7 /* Frameworks */ = {
			isa = PBXFrameworksBuildPhase;
			buildActionMask = 2147483647;
			files = (
				7FB6AA40162AFBEDF17230E5 /* Pods_GBInternship.framework in Frameworks */,
			);
			runOnlyForDeploymentPostprocessing = 0;
		};
		52A19EB51E7715D100D984F7 /* Frameworks */ = {
			isa = PBXFrameworksBuildPhase;
			buildActionMask = 2147483647;
			files = (
			);
			runOnlyForDeploymentPostprocessing = 0;
		};
		52A19EC01E7715D100D984F7 /* Frameworks */ = {
			isa = PBXFrameworksBuildPhase;
			buildActionMask = 2147483647;
			files = (
			);
			runOnlyForDeploymentPostprocessing = 0;
		};
/* End PBXFrameworksBuildPhase section */

/* Begin PBXGroup section */
		1E9E0606E4F4F6F71F15C486 /* Frameworks */ = {
			isa = PBXGroup;
			children = (
				55110263F3E6B74E9D02DAB5 /* Pods_GBInternship.framework */,
			);
			name = Frameworks;
			sourceTree = "<group>";
		};
		4A19C74A6C74BB810590AEB0 /* Pods */ = {
			isa = PBXGroup;
			children = (
				41313FBA1C32477CF8682175 /* Pods-GBInternship.debug.xcconfig */,
				985FA386EB8A5DD9AF6F06E8 /* Pods-GBInternship.release.xcconfig */,
			);
			name = Pods;
			sourceTree = "<group>";
		};
		52A19E931E7715D100D984F7 = {
			isa = PBXGroup;
			children = (
				52A19E9E1E7715D100D984F7 /* GBInternship */,
				52A19EBB1E7715D100D984F7 /* GBInternshipTests */,
				52A19EC61E7715D100D984F7 /* GBInternshipUITests */,
				52A19E9D1E7715D100D984F7 /* Products */,
				4A19C74A6C74BB810590AEB0 /* Pods */,
				1E9E0606E4F4F6F71F15C486 /* Frameworks */,
			);
			sourceTree = "<group>";
		};
		52A19E9D1E7715D100D984F7 /* Products */ = {
			isa = PBXGroup;
			children = (
				52A19E9C1E7715D100D984F7 /* GBInternship.app */,
				52A19EB81E7715D100D984F7 /* GBInternshipTests.xctest */,
				52A19EC31E7715D100D984F7 /* GBInternshipUITests.xctest */,
			);
			name = Products;
			sourceTree = "<group>";
		};
		52A19E9E1E7715D100D984F7 /* GBInternship */ = {
			isa = PBXGroup;
			children = (
				52A19ED51E7718DE00D984F7 /* Models */,
				52A19ED61E7718E500D984F7 /* Controllers */,
				52A19ED71E7718FF00D984F7 /* Managers */,
				52A19EA21E7715D100D984F7 /* AppDelegate.h */,
				52A19EA31E7715D100D984F7 /* AppDelegate.m */,
				52A19EA81E7715D100D984F7 /* Main.storyboard */,
				52A19EAE1E7715D100D984F7 /* Assets.xcassets */,
				52A19EB01E7715D100D984F7 /* LaunchScreen.storyboard */,
				52A19EB31E7715D100D984F7 /* Info.plist */,
				049FAC7A1E849A7C00F560B2 /* 1488569581_analytics.png */,
				527C99A51E9AD95200D9B8EE /* Putin.jpg */,
				527C99A71E9D2A4500D9B8EE /* Medvedev.jpg */,
				527C99A91E9D2B5500D9B8EE /* Zhirinovskiy.jpg */,
				52A19EAB1E7715D100D984F7 /* GBInternship.xcdatamodeld */,
				52A19E9F1E7715D100D984F7 /* Supporting Files */,
			);
			path = GBInternship;
			sourceTree = "<group>";
		};
		52A19E9F1E7715D100D984F7 /* Supporting Files */ = {
			isa = PBXGroup;
			children = (
				52A19EA01E7715D100D984F7 /* main.m */,
			);
			name = "Supporting Files";
			sourceTree = "<group>";
		};
		52A19EBB1E7715D100D984F7 /* GBInternshipTests */ = {
			isa = PBXGroup;
			children = (
				52A19EBC1E7715D100D984F7 /* GBInternshipTests.m */,
				52A19EBE1E7715D100D984F7 /* Info.plist */,
			);
			path = GBInternshipTests;
			sourceTree = "<group>";
		};
		52A19EC61E7715D100D984F7 /* GBInternshipUITests */ = {
			isa = PBXGroup;
			children = (
				52A19EC71E7715D100D984F7 /* GBInternshipUITests.m */,
				52A19EC91E7715D100D984F7 /* Info.plist */,
			);
			path = GBInternshipUITests;
			sourceTree = "<group>";
		};
		52A19ED51E7718DE00D984F7 /* Models */ = {
			isa = PBXGroup;
			children = (
				52FEFAEB1E819B98007E5972 /* API models */,
				52FEFAD31E818DE9007E5972 /* GBPerson+CoreDataClass.h */,
				52FEFAD41E818DE9007E5972 /* GBPerson+CoreDataClass.m */,
				52FEFAD51E818DE9007E5972 /* GBPerson+CoreDataProperties.h */,
				52FEFAD61E818DE9007E5972 /* GBPerson+CoreDataProperties.m */,
				52FEFAD71E818DE9007E5972 /* GBSite+CoreDataClass.h */,
				52FEFAD81E818DE9007E5972 /* GBSite+CoreDataClass.m */,
				52FEFAD91E818DE9007E5972 /* GBSite+CoreDataProperties.h */,
				52FEFADA1E818DE9007E5972 /* GBSite+CoreDataProperties.m */,
				52FEFADB1E818DE9007E5972 /* GBUser+CoreDataClass.h */,
				52FEFADC1E818DE9007E5972 /* GBUser+CoreDataClass.m */,
				52FEFADF1E818DE9007E5972 /* GBStatistic+CoreDataClass.h */,
				52FEFAE01E818DE9007E5972 /* GBStatistic+CoreDataClass.m */,
				52FEFAE11E818DE9007E5972 /* GBStatistic+CoreDataProperties.h */,
				52FEFAE21E818DE9007E5972 /* GBStatistic+CoreDataProperties.m */,
				52FEFADD1E818DE9007E5972 /* GBUser+CoreDataProperties.h */,
				52FEFADE1E818DE9007E5972 /* GBUser+CoreDataProperties.m */,
			);
			name = Models;
			sourceTree = "<group>";
		};
		52A19ED61E7718E500D984F7 /* Controllers */ = {
			isa = PBXGroup;
			children = (
				049FAC7C1E849BBA00F560B2 /* GBLoginViewController.h */,
				049FAC7D1E849BBA00F560B2 /* GBLoginViewController.m */,
				049FAC881E849EF600F560B2 /* GBRegistrationViewController.h */,
				049FAC891E849EF600F560B2 /* GBRegistrationViewController.m */,
				049FAC821E849D9A00F560B2 /* GBStatisticsViewController.h */,
				049FAC831E849D9A00F560B2 /* GBStatisticsViewController.m */,
				049FAC8B1E849FE400F560B2 /* GBGeneralStatisticsViewController.h */,
				049FAC8C1E849FE400F560B2 /* GBGeneralStatisticsViewController.m */,
				0467CEA11E85DED400D701BC /* GBDailyStatisticsViewController.h */,
				0467CEA21E85DED400D701BC /* GBDailyStatisticsViewController.m */,
				57678F381E98CD7C00C19324 /* GBPieChartViewController.h */,
				57678F391E98CD7C00C19324 /* GBPieChartViewController.m */,
				527C99C21E9E639300D9B8EE /* GBDailyChartViewController.h */,
				527C99C31E9E639300D9B8EE /* GBDailyChartViewController.m */,
			);
			name = Controllers;
			sourceTree = "<group>";
		};
		52A19ED71E7718FF00D984F7 /* Managers */ = {
			isa = PBXGroup;
			children = (
				52A19ED81E77195000D984F7 /* GBServerManager.h */,
				52A19ED91E77195000D984F7 /* GBServerManager.m */,
				52A19EDF1E771E9400D984F7 /* GBPersistentManager.h */,
				52A19EE01E771E9400D984F7 /* GBPersistentManager.m */,
				52A19EE21E78705D00D984F7 /* GBDataManager.h */,
				52A19EE31E78705D00D984F7 /* GBDataManager.m */,
			);
			name = Managers;
			sourceTree = "<group>";
		};
		52FEFAEB1E819B98007E5972 /* API models */ = {
			isa = PBXGroup;
			children = (
				52FEFAEC1E819C22007E5972 /* GBPersonAPI.h */,
				52FEFAED1E819C22007E5972 /* GBPersonAPI.m */,
				52FEFAEF1E819C43007E5972 /* GBSiteAPI.h */,
				52FEFAF01E819C43007E5972 /* GBSiteAPI.m */,
				52FEFAF21E819C52007E5972 /* GBStatisticAPI.h */,
				52FEFAF31E819C52007E5972 /* GBStatisticAPI.m */,
			);
			name = "API models";
			sourceTree = "<group>";
		};
/* End PBXGroup section */

/* Begin PBXNativeTarget section */
		52A19E9B1E7715D100D984F7 /* GBInternship */ = {
			isa = PBXNativeTarget;
			buildConfigurationList = 52A19ECC1E7715D100D984F7 /* Build configuration list for PBXNativeTarget "GBInternship" */;
			buildPhases = (
				6EFFB5221B9031AE1B92F656 /* [CP] Check Pods Manifest.lock */,
				52A19E981E7715D100D984F7 /* Sources */,
				52A19E991E7715D100D984F7 /* Frameworks */,
				52A19E9A1E7715D100D984F7 /* Resources */,
				3CF5AEC2C1596C7D7E892A3B /* [CP] Embed Pods Frameworks */,
				99E8C31132A49305FB2CCA86 /* [CP] Copy Pods Resources */,
			);
			buildRules = (
			);
			dependencies = (
			);
			name = GBInternship;
			productName = GBInternship;
			productReference = 52A19E9C1E7715D100D984F7 /* GBInternship.app */;
			productType = "com.apple.product-type.application";
		};
		52A19EB71E7715D100D984F7 /* GBInternshipTests */ = {
			isa = PBXNativeTarget;
			buildConfigurationList = 52A19ECF1E7715D100D984F7 /* Build configuration list for PBXNativeTarget "GBInternshipTests" */;
			buildPhases = (
				52A19EB41E7715D100D984F7 /* Sources */,
				52A19EB51E7715D100D984F7 /* Frameworks */,
				52A19EB61E7715D100D984F7 /* Resources */,
			);
			buildRules = (
			);
			dependencies = (
				52A19EBA1E7715D100D984F7 /* PBXTargetDependency */,
			);
			name = GBInternshipTests;
			productName = GBInternshipTests;
			productReference = 52A19EB81E7715D100D984F7 /* GBInternshipTests.xctest */;
			productType = "com.apple.product-type.bundle.unit-test";
		};
		52A19EC21E7715D100D984F7 /* GBInternshipUITests */ = {
			isa = PBXNativeTarget;
			buildConfigurationList = 52A19ED21E7715D100D984F7 /* Build configuration list for PBXNativeTarget "GBInternshipUITests" */;
			buildPhases = (
				52A19EBF1E7715D100D984F7 /* Sources */,
				52A19EC01E7715D100D984F7 /* Frameworks */,
				52A19EC11E7715D100D984F7 /* Resources */,
			);
			buildRules = (
			);
			dependencies = (
				52A19EC51E7715D100D984F7 /* PBXTargetDependency */,
			);
			name = GBInternshipUITests;
			productName = GBInternshipUITests;
			productReference = 52A19EC31E7715D100D984F7 /* GBInternshipUITests.xctest */;
			productType = "com.apple.product-type.bundle.ui-testing";
		};
/* End PBXNativeTarget section */

/* Begin PBXProject section */
		52A19E941E7715D100D984F7 /* Project object */ = {
			isa = PBXProject;
			attributes = {
				CLASSPREFIX = GB;
				LastUpgradeCheck = 0830;
				ORGANIZATIONNAME = "Stanly Shiyanovskiy";
				TargetAttributes = {
					52A19E9B1E7715D100D984F7 = {
						CreatedOnToolsVersion = 8.2.1;
						DevelopmentTeam = 3PTYV272Z4;
						ProvisioningStyle = Automatic;
					};
					52A19EB71E7715D100D984F7 = {
						CreatedOnToolsVersion = 8.2.1;
						DevelopmentTeam = 3PTYV272Z4;
						ProvisioningStyle = Automatic;
						TestTargetID = 52A19E9B1E7715D100D984F7;
					};
					52A19EC21E7715D100D984F7 = {
						CreatedOnToolsVersion = 8.2.1;
						DevelopmentTeam = 3PTYV272Z4;
						ProvisioningStyle = Automatic;
						TestTargetID = 52A19E9B1E7715D100D984F7;
					};
				};
			};
			buildConfigurationList = 52A19E971E7715D100D984F7 /* Build configuration list for PBXProject "GBInternship" */;
			compatibilityVersion = "Xcode 3.2";
			developmentRegion = English;
			hasScannedForEncodings = 0;
			knownRegions = (
				en,
				Base,
			);
			mainGroup = 52A19E931E7715D100D984F7;
			productRefGroup = 52A19E9D1E7715D100D984F7 /* Products */;
			projectDirPath = "";
			projectRoot = "";
			targets = (
				52A19E9B1E7715D100D984F7 /* GBInternship */,
				52A19EB71E7715D100D984F7 /* GBInternshipTests */,
				52A19EC21E7715D100D984F7 /* GBInternshipUITests */,
			);
		};
/* End PBXProject section */

/* Begin PBXResourcesBuildPhase section */
		52A19E9A1E7715D100D984F7 /* Resources */ = {
			isa = PBXResourcesBuildPhase;
			buildActionMask = 2147483647;
			files = (
				527C99A61E9AD95200D9B8EE /* Putin.jpg in Resources */,
				52A19EB21E7715D100D984F7 /* LaunchScreen.storyboard in Resources */,
				527C99AA1E9D2B5500D9B8EE /* Zhirinovskiy.jpg in Resources */,
				049FAC7B1E849A7C00F560B2 /* 1488569581_analytics.png in Resources */,
				527C99A81E9D2A4500D9B8EE /* Medvedev.jpg in Resources */,
				52A19EAF1E7715D100D984F7 /* Assets.xcassets in Resources */,
				52A19EAA1E7715D100D984F7 /* Main.storyboard in Resources */,
			);
			runOnlyForDeploymentPostprocessing = 0;
		};
		52A19EB61E7715D100D984F7 /* Resources */ = {
			isa = PBXResourcesBuildPhase;
			buildActionMask = 2147483647;
			files = (
			);
			runOnlyForDeploymentPostprocessing = 0;
		};
		52A19EC11E7715D100D984F7 /* Resources */ = {
			isa = PBXResourcesBuildPhase;
			buildActionMask = 2147483647;
			files = (
			);
			runOnlyForDeploymentPostprocessing = 0;
		};
/* End PBXResourcesBuildPhase section */

/* Begin PBXShellScriptBuildPhase section */
		3CF5AEC2C1596C7D7E892A3B /* [CP] Embed Pods Frameworks */ = {
			isa = PBXShellScriptBuildPhase;
			buildActionMask = 2147483647;
			files = (
			);
			inputPaths = (
			);
			name = "[CP] Embed Pods Frameworks";
			outputPaths = (
			);
			runOnlyForDeploymentPostprocessing = 0;
			shellPath = /bin/sh;
			shellScript = "\"${SRCROOT}/Pods/Target Support Files/Pods-GBInternship/Pods-GBInternship-frameworks.sh\"\n";
			showEnvVarsInLog = 0;
		};
		6EFFB5221B9031AE1B92F656 /* [CP] Check Pods Manifest.lock */ = {
			isa = PBXShellScriptBuildPhase;
			buildActionMask = 2147483647;
			files = (
			);
			inputPaths = (
			);
			name = "[CP] Check Pods Manifest.lock";
			outputPaths = (
			);
			runOnlyForDeploymentPostprocessing = 0;
			shellPath = /bin/sh;
			shellScript = "diff \"${PODS_ROOT}/../Podfile.lock\" \"${PODS_ROOT}/Manifest.lock\" > /dev/null\nif [ $? != 0 ] ; then\n    # print error to STDERR\n    echo \"error: The sandbox is not in sync with the Podfile.lock. Run 'pod install' or update your CocoaPods installation.\" >&2\n    exit 1\nfi\n";
			showEnvVarsInLog = 0;
		};
		99E8C31132A49305FB2CCA86 /* [CP] Copy Pods Resources */ = {
			isa = PBXShellScriptBuildPhase;
			buildActionMask = 2147483647;
			files = (
			);
			inputPaths = (
			);
			name = "[CP] Copy Pods Resources";
			outputPaths = (
			);
			runOnlyForDeploymentPostprocessing = 0;
			shellPath = /bin/sh;
			shellScript = "\"${SRCROOT}/Pods/Target Support Files/Pods-GBInternship/Pods-GBInternship-resources.sh\"\n";
			showEnvVarsInLog = 0;
		};
/* End PBXShellScriptBuildPhase section */

/* Begin PBXSourcesBuildPhase section */
		52A19E981E7715D100D984F7 /* Sources */ = {
			isa = PBXSourcesBuildPhase;
			buildActionMask = 2147483647;
			files = (
				52A19EE41E78705D00D984F7 /* GBDataManager.m in Sources */,
				52FEFAE51E818DE9007E5972 /* GBSite+CoreDataClass.m in Sources */,
				52A19EDA1E77195000D984F7 /* GBServerManager.m in Sources */,
				049FAC7E1E849BBA00F560B2 /* GBLoginViewController.m in Sources */,
				049FAC8A1E849EF600F560B2 /* GBRegistrationViewController.m in Sources */,
				52FEFAF41E819C52007E5972 /* GBStatisticAPI.m in Sources */,
				52FEFAE61E818DE9007E5972 /* GBSite+CoreDataProperties.m in Sources */,
				52A19EE11E771E9400D984F7 /* GBPersistentManager.m in Sources */,
				52FEFAE91E818DE9007E5972 /* GBStatistic+CoreDataClass.m in Sources */,
				52FEFAE71E818DE9007E5972 /* GBUser+CoreDataClass.m in Sources */,
				52FEFAE41E818DE9007E5972 /* GBPerson+CoreDataProperties.m in Sources */,
				049FAC841E849D9A00F560B2 /* GBStatisticsViewController.m in Sources */,
				527C99C41E9E639300D9B8EE /* GBDailyChartViewController.m in Sources */,
				52FEFAEA1E818DE9007E5972 /* GBStatistic+CoreDataProperties.m in Sources */,
				52FEFAE31E818DE9007E5972 /* GBPerson+CoreDataClass.m in Sources */,
				57678F3A1E98CD7C00C19324 /* GBPieChartViewController.m in Sources */,
				52A19EA41E7715D100D984F7 /* AppDelegate.m in Sources */,
				52FEFAE81E818DE9007E5972 /* GBUser+CoreDataProperties.m in Sources */,
				0467CEA31E85DED400D701BC /* GBDailyStatisticsViewController.m in Sources */,
				52FEFAEE1E819C22007E5972 /* GBPersonAPI.m in Sources */,
				52A19EAD1E7715D100D984F7 /* GBInternship.xcdatamodeld in Sources */,
				52FEFAF11E819C43007E5972 /* GBSiteAPI.m in Sources */,
				049FAC8D1E849FE400F560B2 /* GBGeneralStatisticsViewController.m in Sources */,
				52A19EA11E7715D100D984F7 /* main.m in Sources */,
			);
			runOnlyForDeploymentPostprocessing = 0;
		};
		52A19EB41E7715D100D984F7 /* Sources */ = {
			isa = PBXSourcesBuildPhase;
			buildActionMask = 2147483647;
			files = (
				52A19EBD1E7715D100D984F7 /* GBInternshipTests.m in Sources */,
			);
			runOnlyForDeploymentPostprocessing = 0;
		};
		52A19EBF1E7715D100D984F7 /* Sources */ = {
			isa = PBXSourcesBuildPhase;
			buildActionMask = 2147483647;
			files = (
				52A19EC81E7715D100D984F7 /* GBInternshipUITests.m in Sources */,
			);
			runOnlyForDeploymentPostprocessing = 0;
		};
/* End PBXSourcesBuildPhase section */

/* Begin PBXTargetDependency section */
		52A19EBA1E7715D100D984F7 /* PBXTargetDependency */ = {
			isa = PBXTargetDependency;
			target = 52A19E9B1E7715D100D984F7 /* GBInternship */;
			targetProxy = 52A19EB91E7715D100D984F7 /* PBXContainerItemProxy */;
		};
		52A19EC51E7715D100D984F7 /* PBXTargetDependency */ = {
			isa = PBXTargetDependency;
			target = 52A19E9B1E7715D100D984F7 /* GBInternship */;
			targetProxy = 52A19EC41E7715D100D984F7 /* PBXContainerItemProxy */;
		};
/* End PBXTargetDependency section */

/* Begin PBXVariantGroup section */
		52A19EA81E7715D100D984F7 /* Main.storyboard */ = {
			isa = PBXVariantGroup;
			children = (
				52A19EA91E7715D100D984F7 /* Base */,
			);
			name = Main.storyboard;
			sourceTree = "<group>";
		};
		52A19EB01E7715D100D984F7 /* LaunchScreen.storyboard */ = {
			isa = PBXVariantGroup;
			children = (
				52A19EB11E7715D100D984F7 /* Base */,
			);
			name = LaunchScreen.storyboard;
			sourceTree = "<group>";
		};
/* End PBXVariantGroup section */

/* Begin XCBuildConfiguration section */
		52A19ECA1E7715D100D984F7 /* Debug */ = {
			isa = XCBuildConfiguration;
			buildSettings = {
				ALWAYS_SEARCH_USER_PATHS = NO;
				CLANG_ANALYZER_NONNULL = YES;
				CLANG_CXX_LANGUAGE_STANDARD = "gnu++0x";
				CLANG_CXX_LIBRARY = "libc++";
				CLANG_ENABLE_MODULES = YES;
				CLANG_ENABLE_OBJC_ARC = YES;
				CLANG_WARN_BOOL_CONVERSION = YES;
				CLANG_WARN_CONSTANT_CONVERSION = YES;
				CLANG_WARN_DIRECT_OBJC_ISA_USAGE = YES_ERROR;
				CLANG_WARN_DOCUMENTATION_COMMENTS = YES;
				CLANG_WARN_EMPTY_BODY = YES;
				CLANG_WARN_ENUM_CONVERSION = YES;
				CLANG_WARN_INFINITE_RECURSION = YES;
				CLANG_WARN_INT_CONVERSION = YES;
				CLANG_WARN_OBJC_ROOT_CLASS = YES_ERROR;
				CLANG_WARN_SUSPICIOUS_MOVE = YES;
				CLANG_WARN_UNREACHABLE_CODE = YES;
				CLANG_WARN__DUPLICATE_METHOD_MATCH = YES;
				"CODE_SIGN_IDENTITY[sdk=iphoneos*]" = "iPhone Developer";
				COPY_PHASE_STRIP = NO;
				DEBUG_INFORMATION_FORMAT = dwarf;
				ENABLE_STRICT_OBJC_MSGSEND = YES;
				ENABLE_TESTABILITY = YES;
				GCC_C_LANGUAGE_STANDARD = gnu99;
				GCC_DYNAMIC_NO_PIC = NO;
				GCC_NO_COMMON_BLOCKS = YES;
				GCC_OPTIMIZATION_LEVEL = 0;
				GCC_PREPROCESSOR_DEFINITIONS = (
					"DEBUG=1",
					"$(inherited)",
				);
				GCC_WARN_64_TO_32_BIT_CONVERSION = YES;
				GCC_WARN_ABOUT_RETURN_TYPE = YES_ERROR;
				GCC_WARN_UNDECLARED_SELECTOR = YES;
				GCC_WARN_UNINITIALIZED_AUTOS = YES_AGGRESSIVE;
				GCC_WARN_UNUSED_FUNCTION = YES;
				GCC_WARN_UNUSED_VARIABLE = YES;
				IPHONEOS_DEPLOYMENT_TARGET = 10.2;
				MTL_ENABLE_DEBUG_INFO = YES;
				ONLY_ACTIVE_ARCH = YES;
				SDKROOT = iphoneos;
			};
			name = Debug;
		};
		52A19ECB1E7715D100D984F7 /* Release */ = {
			isa = XCBuildConfiguration;
			buildSettings = {
				ALWAYS_SEARCH_USER_PATHS = NO;
				CLANG_ANALYZER_NONNULL = YES;
				CLANG_CXX_LANGUAGE_STANDARD = "gnu++0x";
				CLANG_CXX_LIBRARY = "libc++";
				CLANG_ENABLE_MODULES = YES;
				CLANG_ENABLE_OBJC_ARC = YES;
				CLANG_WARN_BOOL_CONVERSION = YES;
				CLANG_WARN_CONSTANT_CONVERSION = YES;
				CLANG_WARN_DIRECT_OBJC_ISA_USAGE = YES_ERROR;
				CLANG_WARN_DOCUMENTATION_COMMENTS = YES;
				CLANG_WARN_EMPTY_BODY = YES;
				CLANG_WARN_ENUM_CONVERSION = YES;
				CLANG_WARN_INFINITE_RECURSION = YES;
				CLANG_WARN_INT_CONVERSION = YES;
				CLANG_WARN_OBJC_ROOT_CLASS = YES_ERROR;
				CLANG_WARN_SUSPICIOUS_MOVE = YES;
				CLANG_WARN_UNREACHABLE_CODE = YES;
				CLANG_WARN__DUPLICATE_METHOD_MATCH = YES;
				"CODE_SIGN_IDENTITY[sdk=iphoneos*]" = "iPhone Developer";
				COPY_PHASE_STRIP = NO;
				DEBUG_INFORMATION_FORMAT = "dwarf-with-dsym";
				ENABLE_NS_ASSERTIONS = NO;
				ENABLE_STRICT_OBJC_MSGSEND = YES;
				GCC_C_LANGUAGE_STANDARD = gnu99;
				GCC_NO_COMMON_BLOCKS = YES;
				GCC_WARN_64_TO_32_BIT_CONVERSION = YES;
				GCC_WARN_ABOUT_RETURN_TYPE = YES_ERROR;
				GCC_WARN_UNDECLARED_SELECTOR = YES;
				GCC_WARN_UNINITIALIZED_AUTOS = YES_AGGRESSIVE;
				GCC_WARN_UNUSED_FUNCTION = YES;
				GCC_WARN_UNUSED_VARIABLE = YES;
				IPHONEOS_DEPLOYMENT_TARGET = 10.2;
				MTL_ENABLE_DEBUG_INFO = NO;
				SDKROOT = iphoneos;
				VALIDATE_PRODUCT = YES;
			};
			name = Release;
		};
		52A19ECD1E7715D100D984F7 /* Debug */ = {
			isa = XCBuildConfiguration;
			baseConfigurationReference = 41313FBA1C32477CF8682175 /* Pods-GBInternship.debug.xcconfig */;
			buildSettings = {
				ALWAYS_EMBED_SWIFT_STANDARD_LIBRARIES = YES;
				ASSETCATALOG_COMPILER_APPICON_NAME = AppIcon;
				DEVELOPMENT_TEAM = 3PTYV272Z4;
				INFOPLIST_FILE = GBInternship/Info.plist;
				IPHONEOS_DEPLOYMENT_TARGET = 10.1;
				LD_RUNPATH_SEARCH_PATHS = "$(inherited) @executable_path/Frameworks";
				PRODUCT_BUNDLE_IDENTIFIER = GB.GBInternship;
				PRODUCT_NAME = "$(TARGET_NAME)";
			};
			name = Debug;
		};
		52A19ECE1E7715D100D984F7 /* Release */ = {
			isa = XCBuildConfiguration;
			baseConfigurationReference = 985FA386EB8A5DD9AF6F06E8 /* Pods-GBInternship.release.xcconfig */;
			buildSettings = {
				ALWAYS_EMBED_SWIFT_STANDARD_LIBRARIES = YES;
				ASSETCATALOG_COMPILER_APPICON_NAME = AppIcon;
				DEVELOPMENT_TEAM = 3PTYV272Z4;
				INFOPLIST_FILE = GBInternship/Info.plist;
				IPHONEOS_DEPLOYMENT_TARGET = 10.1;
				LD_RUNPATH_SEARCH_PATHS = "$(inherited) @executable_path/Frameworks";
				PRODUCT_BUNDLE_IDENTIFIER = GB.GBInternship;
				PRODUCT_NAME = "$(TARGET_NAME)";
			};
			name = Release;
		};
		52A19ED01E7715D100D984F7 /* Debug */ = {
			isa = XCBuildConfiguration;
			buildSettings = {
				BUNDLE_LOADER = "$(TEST_HOST)";
				DEVELOPMENT_TEAM = 3PTYV272Z4;
				INFOPLIST_FILE = GBInternshipTests/Info.plist;
				IPHONEOS_DEPLOYMENT_TARGET = 10.1;
				LD_RUNPATH_SEARCH_PATHS = "$(inherited) @executable_path/Frameworks @loader_path/Frameworks";
				PRODUCT_BUNDLE_IDENTIFIER = GB.GBInternshipTests;
				PRODUCT_NAME = "$(TARGET_NAME)";
				TEST_HOST = "$(BUILT_PRODUCTS_DIR)/GBInternship.app/GBInternship";
			};
			name = Debug;
		};
		52A19ED11E7715D100D984F7 /* Release */ = {
			isa = XCBuildConfiguration;
			buildSettings = {
				BUNDLE_LOADER = "$(TEST_HOST)";
				DEVELOPMENT_TEAM = 3PTYV272Z4;
				INFOPLIST_FILE = GBInternshipTests/Info.plist;
				IPHONEOS_DEPLOYMENT_TARGET = 10.1;
				LD_RUNPATH_SEARCH_PATHS = "$(inherited) @executable_path/Frameworks @loader_path/Frameworks";
				PRODUCT_BUNDLE_IDENTIFIER = GB.GBInternshipTests;
				PRODUCT_NAME = "$(TARGET_NAME)";
				TEST_HOST = "$(BUILT_PRODUCTS_DIR)/GBInternship.app/GBInternship";
			};
			name = Release;
		};
		52A19ED31E7715D100D984F7 /* Debug */ = {
			isa = XCBuildConfiguration;
			buildSettings = {
				DEVELOPMENT_TEAM = 3PTYV272Z4;
				INFOPLIST_FILE = GBInternshipUITests/Info.plist;
				IPHONEOS_DEPLOYMENT_TARGET = 10.1;
				LD_RUNPATH_SEARCH_PATHS = "$(inherited) @executable_path/Frameworks @loader_path/Frameworks";
				PRODUCT_BUNDLE_IDENTIFIER = GB.GBInternshipUITests;
				PRODUCT_NAME = "$(TARGET_NAME)";
				TEST_TARGET_NAME = GBInternship;
			};
			name = Debug;
		};
		52A19ED41E7715D100D984F7 /* Release */ = {
			isa = XCBuildConfiguration;
			buildSettings = {
				DEVELOPMENT_TEAM = 3PTYV272Z4;
				INFOPLIST_FILE = GBInternshipUITests/Info.plist;
				IPHONEOS_DEPLOYMENT_TARGET = 10.1;
				LD_RUNPATH_SEARCH_PATHS = "$(inherited) @executable_path/Frameworks @loader_path/Frameworks";
				PRODUCT_BUNDLE_IDENTIFIER = GB.GBInternshipUITests;
				PRODUCT_NAME = "$(TARGET_NAME)";
				TEST_TARGET_NAME = GBInternship;
			};
			name = Release;
		};
/* End XCBuildConfiguration section */

/* Begin XCConfigurationList section */
		52A19E971E7715D100D984F7 /* Build configuration list for PBXProject "GBInternship" */ = {
			isa = XCConfigurationList;
			buildConfigurations = (
				52A19ECA1E7715D100D984F7 /* Debug */,
				52A19ECB1E7715D100D984F7 /* Release */,
			);
			defaultConfigurationIsVisible = 0;
			defaultConfigurationName = Release;
		};
		52A19ECC1E7715D100D984F7 /* Build configuration list for PBXNativeTarget "GBInternship" */ = {
			isa = XCConfigurationList;
			buildConfigurations = (
				52A19ECD1E7715D100D984F7 /* Debug */,
				52A19ECE1E7715D100D984F7 /* Release */,
			);
			defaultConfigurationIsVisible = 0;
			defaultConfigurationName = Release;
		};
		52A19ECF1E7715D100D984F7 /* Build configuration list for PBXNativeTarget "GBInternshipTests" */ = {
			isa = XCConfigurationList;
			buildConfigurations = (
				52A19ED01E7715D100D984F7 /* Debug */,
				52A19ED11E7715D100D984F7 /* Release */,
			);
			defaultConfigurationIsVisible = 0;
			defaultConfigurationName = Release;
		};
		52A19ED21E7715D100D984F7 /* Build configuration list for PBXNativeTarget "GBInternshipUITests" */ = {
			isa = XCConfigurationList;
			buildConfigurations = (
				52A19ED31E7715D100D984F7 /* Debug */,
				52A19ED41E7715D100D984F7 /* Release */,
			);
			defaultConfigurationIsVisible = 0;
			defaultConfigurationName = Release;
		};
/* End XCConfigurationList section */

/* Begin XCVersionGroup section */
		52A19EAB1E7715D100D984F7 /* GBInternship.xcdatamodeld */ = {
			isa = XCVersionGroup;
			children = (
				52A19EAC1E7715D100D984F7 /* GBInternship.xcdatamodel */,
			);
			currentVersion = 52A19EAC1E7715D100D984F7 /* GBInternship.xcdatamodel */;
			path = GBInternship.xcdatamodeld;
			sourceTree = "<group>";
			versionGroupType = wrapper.xcdatamodel;
		};
/* End XCVersionGroup section */
	};
	rootObject = 52A19E941E7715D100D984F7 /* Project object */;
}
